
Microsoft Visual Studio Solution File, Format Version 12.00
# Visual Studio Version 17
VisualStudioVersion = 17.8.34511.84
MinimumVisualStudioVersion = 10.0.40219.1
Project("{FAE04EC0-301F-11D3-BF4B-00C04F79EFBC}") = "DIExample", "DIExample\DIExample.csproj", "{8355E71E-1447-4D3E-819A-43E0CD3EE9A8}"
EndProject
Project("{FAE04EC0-301F-11D3-BF4B-00C04F79EFBC}") = "Services", "Services\Services.csproj", "{C9383B43-534F-44E0-B340-0AE2C6C29B98}"
EndProject
Project("{FAE04EC0-301F-11D3-BF4B-00C04F79EFBC}") = "ServiceContracts", "ServiceContracts\ServiceContracts.csproj", "{98A45FE9-FF5B-4D53-8E4C-4726A92CD6F7}"
EndProject
Global
	GlobalSection(SolutionConfigurationPlatforms) = preSolution
		Debug|Any CPU = Debug|Any CPU
		Release|Any CPU = Release|Any CPU
	EndGlobalSection
	GlobalSection(ProjectConfigurationPlatforms) = postSolution
		{8355E71E-1447-4D3E-819A-43E0CD3EE9A8}.Debug|Any CPU.ActiveCfg = Debug|Any CPU
		{8355E71E-1447-4D3E-819A-43E0CD3EE9A8}.Debug|Any CPU.Build.0 = Debug|Any CPU
		{8355E71E-1447-4D3E-819A-43E0CD3EE9A8}.Release|Any CPU.ActiveCfg = Release|Any CPU
		{8355E71E-1447-4D3E-819A-43E0CD3EE9A8}.Release|Any CPU.Build.0 = Release|Any CPU
		{C9383B43-534F-44E0-B340-0AE2C6C29B98}.Debug|Any CPU.ActiveCfg = Debug|Any CPU
		{C9383B43-534F-44E0-B340-0AE2C6C29B98}.Debug|Any CPU.Build.0 = Debug|Any CPU
		{C9383B43-534F-44E0-B340-0AE2C6C29B98}.Release|Any CPU.ActiveCfg = Release|Any CPU
		{C9383B43-534F-44E0-B340-0AE2C6C29B98}.Release|Any CPU.Build.0 = Release|Any CPU
		{98A45FE9-FF5B-4D53-8E4C-4726A92CD6F7}.Debug|Any CPU.ActiveCfg = Debug|Any CPU
		{98A45FE9-FF5B-4D53-8E4C-4726A92CD6F7}.Debug|Any CPU.Build.0 = Debug|Any CPU
		{98A45FE9-FF5B-4D53-8E4C-4726A92CD6F7}.Release|Any CPU.ActiveCfg = Release|Any CPU
		{98A45FE9-FF5B-4D53-8E4C-4726A92CD6F7}.Release|Any CPU.Build.0 = Release|Any CPU
	EndGlobalSection
	GlobalSection(SolutionProperties) = preSolution
		HideSolutionNode = FALSE
	EndGlobalSection
	GlobalSection(ExtensibilityGlobals) = postSolution
		SolutionGuid = {DCFA4A7A-7289-45CB-897C-8D417F5BED81}
	EndGlobalSection
EndGlobal
