
Microsoft Visual Studio Solution File, Format Version 12.00
# Visual Studio Version 17
VisualStudioVersion = 17.8.34511.84
MinimumVisualStudioVersion = 10.0.40219.1
Project("{FAE04EC0-301F-11D3-BF4B-00C04F79EFBC}") = "EntityFrameWorkExample", "EntityFrameWorkExample\EntityFrameWorkExample.csproj", "{C7B7E6B2-6886-47D3-8955-9A111C5BCE2F}"
EndProject
Global
	GlobalSection(SolutionConfigurationPlatforms) = preSolution
		Debug|Any CPU = Debug|Any CPU
		Release|Any CPU = Release|Any CPU
	EndGlobalSection
	GlobalSection(ProjectConfigurationPlatforms) = postSolution
		{C7B7E6B2-6886-47D3-8955-9A111C5BCE2F}.Debug|Any CPU.ActiveCfg = Debug|Any CPU
		{C7B7E6B2-6886-47D3-8955-9A111C5BCE2F}.Debug|Any CPU.Build.0 = Debug|Any CPU
		{C7B7E6B2-6886-47D3-8955-9A111C5BCE2F}.Release|Any CPU.ActiveCfg = Release|Any CPU
		{C7B7E6B2-6886-47D3-8955-9A111C5BCE2F}.Release|Any CPU.Build.0 = Release|Any CPU
	EndGlobalSection
	GlobalSection(SolutionProperties) = preSolution
		HideSolutionNode = FALSE
	EndGlobalSection
	GlobalSection(ExtensibilityGlobals) = postSolution
		SolutionGuid = {E4B7A6AB-970A-4649-9119-FC13B4247355}
	EndGlobalSection
EndGlobal
