
Microsoft Visual Studio Solution File, Format Version 12.00
# Visual Studio Version 17
VisualStudioVersion = 17.8.34511.84
MinimumVisualStudioVersion = 10.0.40219.1
Project("{FAE04EC0-301F-11D3-BF4B-00C04F79EFBC}") = "CURDExample", "CURDExample\CURDExample.csproj", "{23236837-D21D-4A1B-BB14-FDE782B8A3FC}"
EndProject
Project("{FAE04EC0-301F-11D3-BF4B-00C04F79EFBC}") = "ServiceContracts", "ServiceContracts\ServiceContracts.csproj", "{088AD299-60A4-46AB-9D70-A7E09B6ACB5F}"
EndProject
Project("{FAE04EC0-301F-11D3-BF4B-00C04F79EFBC}") = "Services", "Services\Services.csproj", "{C18260FC-7F6E-4B64-BA4D-7BBEE6E65D87}"
EndProject
Project("{FAE04EC0-301F-11D3-BF4B-00C04F79EFBC}") = "Entities", "Entities\Entities.csproj", "{2E4B9102-B3B6-4824-A8A3-DDE540E96BE4}"
EndProject
Global
	GlobalSection(SolutionConfigurationPlatforms) = preSolution
		Debug|Any CPU = Debug|Any CPU
		Release|Any CPU = Release|Any CPU
	EndGlobalSection
	GlobalSection(ProjectConfigurationPlatforms) = postSolution
		{23236837-D21D-4A1B-BB14-FDE782B8A3FC}.Debug|Any CPU.ActiveCfg = Debug|Any CPU
		{23236837-D21D-4A1B-BB14-FDE782B8A3FC}.Debug|Any CPU.Build.0 = Debug|Any CPU
		{23236837-D21D-4A1B-BB14-FDE782B8A3FC}.Release|Any CPU.ActiveCfg = Release|Any CPU
		{23236837-D21D-4A1B-BB14-FDE782B8A3FC}.Release|Any CPU.Build.0 = Release|Any CPU
		{088AD299-60A4-46AB-9D70-A7E09B6ACB5F}.Debug|Any CPU.ActiveCfg = Debug|Any CPU
		{088AD299-60A4-46AB-9D70-A7E09B6ACB5F}.Debug|Any CPU.Build.0 = Debug|Any CPU
		{088AD299-60A4-46AB-9D70-A7E09B6ACB5F}.Release|Any CPU.ActiveCfg = Release|Any CPU
		{088AD299-60A4-46AB-9D70-A7E09B6ACB5F}.Release|Any CPU.Build.0 = Release|Any CPU
		{C18260FC-7F6E-4B64-BA4D-7BBEE6E65D87}.Debug|Any CPU.ActiveCfg = Debug|Any CPU
		{C18260FC-7F6E-4B64-BA4D-7BBEE6E65D87}.Debug|Any CPU.Build.0 = Debug|Any CPU
		{C18260FC-7F6E-4B64-BA4D-7BBEE6E65D87}.Release|Any CPU.ActiveCfg = Release|Any CPU
		{C18260FC-7F6E-4B64-BA4D-7BBEE6E65D87}.Release|Any CPU.Build.0 = Release|Any CPU
		{2E4B9102-B3B6-4824-A8A3-DDE540E96BE4}.Debug|Any CPU.ActiveCfg = Debug|Any CPU
		{2E4B9102-B3B6-4824-A8A3-DDE540E96BE4}.Debug|Any CPU.Build.0 = Debug|Any CPU
		{2E4B9102-B3B6-4824-A8A3-DDE540E96BE4}.Release|Any CPU.ActiveCfg = Release|Any CPU
		{2E4B9102-B3B6-4824-A8A3-DDE540E96BE4}.Release|Any CPU.Build.0 = Release|Any CPU
	EndGlobalSection
	GlobalSection(SolutionProperties) = preSolution
		HideSolutionNode = FALSE
	EndGlobalSection
	GlobalSection(ExtensibilityGlobals) = postSolution
		SolutionGuid = {0312FFD2-858C-4025-9333-BA18BFAB129D}
	EndGlobalSection
EndGlobal
