
Microsoft Visual Studio Solution File, Format Version 12.00
# Visual Studio Version 17
VisualStudioVersion = 17.8.34511.84
MinimumVisualStudioVersion = 10.0.40219.1
Project("{FAE04EC0-301F-11D3-BF4B-00C04F79EFBC}") = "WebAPI", "WebAPI\WebAPI.csproj", "{132DE708-BBB3-47B5-B214-85655DF4C2EB}"
EndProject
Global
	GlobalSection(SolutionConfigurationPlatforms) = preSolution
		Debug|Any CPU = Debug|Any CPU
		Release|Any CPU = Release|Any CPU
	EndGlobalSection
	GlobalSection(ProjectConfigurationPlatforms) = postSolution
		{132DE708-BBB3-47B5-B214-85655DF4C2EB}.Debug|Any CPU.ActiveCfg = Debug|Any CPU
		{132DE708-BBB3-47B5-B214-85655DF4C2EB}.Debug|Any CPU.Build.0 = Debug|Any CPU
		{132DE708-BBB3-47B5-B214-85655DF4C2EB}.Release|Any CPU.ActiveCfg = Release|Any CPU
		{132DE708-BBB3-47B5-B214-85655DF4C2EB}.Release|Any CPU.Build.0 = Release|Any CPU
	EndGlobalSection
	GlobalSection(SolutionProperties) = preSolution
		HideSolutionNode = FALSE
	EndGlobalSection
	GlobalSection(ExtensibilityGlobals) = postSolution
		SolutionGuid = {B983F674-A873-4C54-A797-D8475D4D0295}
	EndGlobalSection
EndGlobal
